
Microsoft Visual Studio Solution File, Format Version 12.00
# Visual Studio 2013
VisualStudioVersion = 12.0.20827.3
MinimumVisualStudioVersion = 10.0.40219.1
Project("{FAE04EC0-301F-11D3-BF4B-00C04F79EFBC}") = "HW7", "HW7\HW7.csproj", "{78AEC26B-9137-4DB4-B2A0-9FBAD49A7ECB}"
EndProject
Project("{FAE04EC0-301F-11D3-BF4B-00C04F79EFBC}") = "HW7.Tests", "HW7.Tests\HW7.Tests.csproj", "{B5245F7F-E470-4416-B74E-83436C0E4739}"
EndProject
Global
	GlobalSection(SolutionConfigurationPlatforms) = preSolution
		Debug|Any CPU = Debug|Any CPU
		Release|Any CPU = Release|Any CPU
	EndGlobalSection
	GlobalSection(ProjectConfigurationPlatforms) = postSolution
		{78AEC26B-9137-4DB4-B2A0-9FBAD49A7ECB}.Debug|Any CPU.ActiveCfg = Debug|Any CPU
		{78AEC26B-9137-4DB4-B2A0-9FBAD49A7ECB}.Debug|Any CPU.Build.0 = Debug|Any CPU
		{78AEC26B-9137-4DB4-B2A0-9FBAD49A7ECB}.Release|Any CPU.ActiveCfg = Release|Any CPU
		{78AEC26B-9137-4DB4-B2A0-9FBAD49A7ECB}.Release|Any CPU.Build.0 = Release|Any CPU
		{B5245F7F-E470-4416-B74E-83436C0E4739}.Debug|Any CPU.ActiveCfg = Debug|Any CPU
		{B5245F7F-E470-4416-B74E-83436C0E4739}.Debug|Any CPU.Build.0 = Debug|Any CPU
		{B5245F7F-E470-4416-B74E-83436C0E4739}.Release|Any CPU.ActiveCfg = Release|Any CPU
		{B5245F7F-E470-4416-B74E-83436C0E4739}.Release|Any CPU.Build.0 = Release|Any CPU
	EndGlobalSection
	GlobalSection(SolutionProperties) = preSolution
		HideSolutionNode = FALSE
	EndGlobalSection
EndGlobal
